
Microsoft Visual Studio Solution File, Format Version 12.00
Project("{FAE04EC0-301F-11D3-BF4B-00C04F79EFBC}") = "AAC_GraphColoring", "AAC_GraphColoring\AAC_GraphColoring.csproj", "{3B0E1038-AE43-43D9-821E-7B49CBAC9053}"
EndProject
Global
	GlobalSection(SolutionConfigurationPlatforms) = preSolution
		Debug|Any CPU = Debug|Any CPU
		Release|Any CPU = Release|Any CPU
	EndGlobalSection
	GlobalSection(ProjectConfigurationPlatforms) = postSolution
		{3B0E1038-AE43-43D9-821E-7B49CBAC9053}.Debug|Any CPU.ActiveCfg = Debug|Any CPU
		{3B0E1038-AE43-43D9-821E-7B49CBAC9053}.Debug|Any CPU.Build.0 = Debug|Any CPU
		{3B0E1038-AE43-43D9-821E-7B49CBAC9053}.Release|Any CPU.ActiveCfg = Release|Any CPU
		{3B0E1038-AE43-43D9-821E-7B49CBAC9053}.Release|Any CPU.Build.0 = Release|Any CPU
	EndGlobalSection
EndGlobal
